// !$*UTF8*$!
{
	archiveVersion = 1;
	classes = {
	};
	objectVersion = 50;
	objects = {

/* Begin PBXBuildFile section */
		CF38C78126773D770032F178 /* AppDelegate.swift in Sources */ = {isa = PBXBuildFile; fileRef = CF38C78026773D770032F178 /* AppDelegate.swift */; };
		CF38C78326773D770032F178 /* SceneDelegate.swift in Sources */ = {isa = PBXBuildFile; fileRef = CF38C78226773D770032F178 /* SceneDelegate.swift */; };
		CF38C78526773D770032F178 /* ViewController.swift in Sources */ = {isa = PBXBuildFile; fileRef = CF38C78426773D770032F178 /* ViewController.swift */; };
		CF38C78826773D770032F178 /* Main.storyboard in Resources */ = {isa = PBXBuildFile; fileRef = CF38C78626773D770032F178 /* Main.storyboard */; };
		CF38C78A26773D790032F178 /* Assets.xcassets in Resources */ = {isa = PBXBuildFile; fileRef = CF38C78926773D790032F178 /* Assets.xcassets */; };
		CF38C78D26773D790032F178 /* LaunchScreen.storyboard in Resources */ = {isa = PBXBuildFile; fileRef = CF38C78B26773D790032F178 /* LaunchScreen.storyboard */; };
		CF38C79626773F9F0032F178 /* EmojiTableViewController.swift in Sources */ = {isa = PBXBuildFile; fileRef = CF38C79526773F9F0032F178 /* EmojiTableViewController.swift */; };
		CF38C799267748490032F178 /* EmojiTableViewCell.swift in Sources */ = {isa = PBXBuildFile; fileRef = CF38C798267748490032F178 /* EmojiTableViewCell.swift */; };
		CF38C79C267759BF0032F178 /* EmojiModel.swift in Sources */ = {isa = PBXBuildFile; fileRef = CF38C79B267759BF0032F178 /* EmojiModel.swift */; };
/* End PBXBuildFile section */

/* Begin PBXFileReference section */
		CF38C77D26773D770032F178 /* EmojiReader.app */ = {isa = PBXFileReference; explicitFileType = wrapper.application; includeInIndex = 0; path = EmojiReader.app; sourceTree = BUILT_PRODUCTS_DIR; };
		CF38C78026773D770032F178 /* AppDelegate.swift */ = {isa = PBXFileReference; lastKnownFileType = sourcecode.swift; path = AppDelegate.swift; sourceTree = "<group>"; };
		CF38C78226773D770032F178 /* SceneDelegate.swift */ = {isa = PBXFileReference; lastKnownFileType = sourcecode.swift; path = SceneDelegate.swift; sourceTree = "<group>"; };
		CF38C78426773D770032F178 /* ViewController.swift */ = {isa = PBXFileReference; lastKnownFileType = sourcecode.swift; path = ViewController.swift; sourceTree = "<group>"; };
		CF38C78726773D770032F178 /* Base */ = {isa = PBXFileReference; lastKnownFileType = file.storyboard; name = Base; path = Base.lproj/Main.storyboard; sourceTree = "<group>"; };
		CF38C78926773D790032F178 /* Assets.xcassets */ = {isa = PBXFileReference; lastKnownFileType = folder.assetcatalog; path = Assets.xcassets; sourceTree = "<group>"; };
		CF38C78C26773D790032F178 /* Base */ = {isa = PBXFileReference; lastKnownFileType = file.storyboard; name = Base; path = Base.lproj/LaunchScreen.storyboard; sourceTree = "<group>"; };
		CF38C78E26773D790032F178 /* Info.plist */ = {isa = PBXFileReference; lastKnownFileType = text.plist.xml; path = Info.plist; sourceTree = "<group>"; };
		CF38C79526773F9F0032F178 /* EmojiTableViewController.swift */ = {isa = PBXFileReference; lastKnownFileType = sourcecode.swift; path = EmojiTableViewController.swift; sourceTree = "<group>"; };
		CF38C798267748490032F178 /* EmojiTableViewCell.swift */ = {isa = PBXFileReference; lastKnownFileType = sourcecode.swift; path = EmojiTableViewCell.swift; sourceTree = "<group>"; };
		CF38C79B267759BF0032F178 /* EmojiModel.swift */ = {isa = PBXFileReference; lastKnownFileType = sourcecode.swift; path = EmojiModel.swift; sourceTree = "<group>"; };
/* End PBXFileReference section */

/* Begin PBXFrameworksBuildPhase section */
		CF38C77A26773D770032F178 /* Frameworks */ = {
			isa = PBXFrameworksBuildPhase;
			buildActionMask = 2147483647;
			files = (
			);
			runOnlyForDeploymentPostprocessing = 0;
		};
/* End PBXFrameworksBuildPhase section */

/* Begin PBXGroup section */
		CF38C77426773D760032F178 = {
			isa = PBXGroup;
			children = (
				CF38C77F26773D770032F178 /* EmojiReader */,
				CF38C77E26773D770032F178 /* Products */,
			);
			sourceTree = "<group>";
		};
		CF38C77E26773D770032F178 /* Products */ = {
			isa = PBXGroup;
			children = (
				CF38C77D26773D770032F178 /* EmojiReader.app */,
			);
			name = Products;
			sourceTree = "<group>";
		};
		CF38C77F26773D770032F178 /* EmojiReader */ = {
			isa = PBXGroup;
			children = (
				CF38C78026773D770032F178 /* AppDelegate.swift */,
				CF38C78226773D770032F178 /* SceneDelegate.swift */,
				CF38C78426773D770032F178 /* ViewController.swift */,
				CF38C79526773F9F0032F178 /* EmojiTableViewController.swift */,
				CF38C79B267759BF0032F178 /* EmojiModel.swift */,
				CF38C78626773D770032F178 /* Main.storyboard */,
				CF38C798267748490032F178 /* EmojiTableViewCell.swift */,
				CF38C78926773D790032F178 /* Assets.xcassets */,
				CF38C78B26773D790032F178 /* LaunchScreen.storyboard */,
				CF38C78E26773D790032F178 /* Info.plist */,
			);
			path = EmojiReader;
			sourceTree = "<group>";
		};
/* End PBXGroup section */

/* Begin PBXNativeTarget section */
		CF38C77C26773D770032F178 /* EmojiReader */ = {
			isa = PBXNativeTarget;
			buildConfigurationList = CF38C79126773D790032F178 /* Build configuration list for PBXNativeTarget "EmojiReader" */;
			buildPhases = (
				CF38C77926773D770032F178 /* Sources */,
				CF38C77A26773D770032F178 /* Frameworks */,
				CF38C77B26773D770032F178 /* Resources */,
			);
			buildRules = (
			);
			dependencies = (
			);
			name = EmojiReader;
			productName = EmojiReader;
			productReference = CF38C77D26773D770032F178 /* EmojiReader.app */;
			productType = "com.apple.product-type.application";
		};
/* End PBXNativeTarget section */

/* Begin PBXProject section */
		CF38C77526773D760032F178 /* Project object */ = {
			isa = PBXProject;
			attributes = {
				LastSwiftUpdateCheck = 1240;
				LastUpgradeCheck = 1240;
				TargetAttributes = {
					CF38C77C26773D770032F178 = {
						CreatedOnToolsVersion = 12.4;
					};
				};
			};
			buildConfigurationList = CF38C77826773D760032F178 /* Build configuration list for PBXProject "EmojiReader" */;
			compatibilityVersion = "Xcode 9.3";
			developmentRegion = en;
			hasScannedForEncodings = 0;
			knownRegions = (
				en,
				Base,
			);
			mainGroup = CF38C77426773D760032F178;
			productRefGroup = CF38C77E26773D770032F178 /* Products */;
			projectDirPath = "";
			projectRoot = "";
			targets = (
				CF38C77C26773D770032F178 /* EmojiReader */,
			);
		};
/* End PBXProject section */

/* Begin PBXResourcesBuildPhase section */
		CF38C77B26773D770032F178 /* Resources */ = {
			isa = PBXResourcesBuildPhase;
			buildActionMask = 2147483647;
			files = (
				CF38C78D26773D790032F178 /* LaunchScreen.storyboard in Resources */,
				CF38C78A26773D790032F178 /* Assets.xcassets in Resources */,
				CF38C78826773D770032F178 /* Main.storyboard in Resources */,
			);
			runOnlyForDeploymentPostprocessing = 0;
		};
/* End PBXResourcesBuildPhase section */

/* Begin PBXSourcesBuildPhase section */
		CF38C77926773D770032F178 /* Sources */ = {
			isa = PBXSourcesBuildPhase;
			buildActionMask = 2147483647;
			files = (
				CF38C79626773F9F0032F178 /* EmojiTableViewController.swift in Sources */,
				CF38C78526773D770032F178 /* ViewController.swift in Sources */,
				CF38C79C267759BF0032F178 /* EmojiModel.swift in Sources */,
				CF38C799267748490032F178 /* EmojiTableViewCell.swift in Sources */,
				CF38C78126773D770032F178 /* AppDelegate.swift in Sources */,
				CF38C78326773D770032F178 /* SceneDelegate.swift in Sources */,
			);
			runOnlyForDeploymentPostprocessing = 0;
		};
/* End PBXSourcesBuildPhase section */

/* Begin PBXVariantGroup section */
		CF38C78626773D770032F178 /* Main.storyboard */ = {
			isa = PBXVariantGroup;
			children = (
				CF38C78726773D770032F178 /* Base */,
			);
			name = Main.storyboard;
			sourceTree = "<group>";
		};
		CF38C78B26773D790032F178 /* LaunchScreen.storyboard */ = {
			isa = PBXVariantGroup;
			children = (
				CF38C78C26773D790032F178 /* Base */,
			);
			name = LaunchScreen.storyboard;
			sourceTree = "<group>";
		};
/* End PBXVariantGroup section */

/* Begin XCBuildConfiguration section */
		CF38C78F26773D790032F178 /* Debug */ = {
			isa = XCBuildConfiguration;
			buildSettings = {
				ALWAYS_SEARCH_USER_PATHS = NO;
				CLANG_ANALYZER_NONNULL = YES;
				CLANG_ANALYZER_NUMBER_OBJECT_CONVERSION = YES_AGGRESSIVE;
				CLANG_CXX_LANGUAGE_STANDARD = "gnu++14";
				CLANG_CXX_LIBRARY = "libc++";
				CLANG_ENABLE_MODULES = YES;
				CLANG_ENABLE_OBJC_ARC = YES;
				CLANG_ENABLE_OBJC_WEAK = YES;
				CLANG_WARN_BLOCK_CAPTURE_AUTORELEASING = YES;
				CLANG_WARN_BOOL_CONVERSION = YES;
				CLANG_WARN_COMMA = YES;
				CLANG_WARN_CONSTANT_CONVERSION = YES;
				CLANG_WARN_DEPRECATED_OBJC_IMPLEMENTATIONS = YES;
				CLANG_WARN_DIRECT_OBJC_ISA_USAGE = YES_ERROR;
				CLANG_WARN_DOCUMENTATION_COMMENTS = YES;
				CLANG_WARN_EMPTY_BODY = YES;
				CLANG_WARN_ENUM_CONVERSION = YES;
				CLANG_WARN_INFINITE_RECURSION = YES;
				CLANG_WARN_INT_CONVERSION = YES;
				CLANG_WARN_NON_LITERAL_NULL_CONVERSION = YES;
				CLANG_WARN_OBJC_IMPLICIT_RETAIN_SELF = YES;
				CLANG_WARN_OBJC_LITERAL_CONVERSION = YES;
				CLANG_WARN_OBJC_ROOT_CLASS = YES_ERROR;
				CLANG_WARN_QUOTED_INCLUDE_IN_FRAMEWORK_HEADER = YES;
				CLANG_WARN_RANGE_LOOP_ANALYSIS = YES;
				CLANG_WARN_STRICT_PROTOTYPES = YES;
				CLANG_WARN_SUSPICIOUS_MOVE = YES;
				CLANG_WARN_UNGUARDED_AVAILABILITY = YES_AGGRESSIVE;
				CLANG_WARN_UNREACHABLE_CODE = YES;
				CLANG_WARN__DUPLICATE_METHOD_MATCH = YES;
				COPY_PHASE_STRIP = NO;
				DEBUG_INFORMATION_FORMAT = dwarf;
				ENABLE_STRICT_OBJC_MSGSEND = YES;
				ENABLE_TESTABILITY = YES;
				GCC_C_LANGUAGE_STANDARD = gnu11;
				GCC_DYNAMIC_NO_PIC = NO;
				GCC_NO_COMMON_BLOCKS = YES;
				GCC_OPTIMIZATION_LEVEL = 0;
				GCC_PREPROCESSOR_DEFINITIONS = (
					"DEBUG=1",
					"$(inherited)",
				);
				GCC_WARN_64_TO_32_BIT_CONVERSION = YES;
				GCC_WARN_ABOUT_RETURN_TYPE = YES_ERROR;
				GCC_WARN_UNDECLARED_SELECTOR = YES;
				GCC_WARN_UNINITIALIZED_AUTOS = YES_AGGRESSIVE;
				GCC_WARN_UNUSED_FUNCTION = YES;
				GCC_WARN_UNUSED_VARIABLE = YES;
				IPHONEOS_DEPLOYMENT_TARGET = 14.4;
				MTL_ENABLE_DEBUG_INFO = INCLUDE_SOURCE;
				MTL_FAST_MATH = YES;
				ONLY_ACTIVE_ARCH = YES;
				SDKROOT = iphoneos;
				SWIFT_ACTIVE_COMPILATION_CONDITIONS = DEBUG;
				SWIFT_OPTIMIZATION_LEVEL = "-Onone";
			};
			name = Debug;
		};
		CF38C79026773D790032F178 /* Release */ = {
			isa = XCBuildConfiguration;
			buildSettings = {
				ALWAYS_SEARCH_USER_PATHS = NO;
				CLANG_ANALYZER_NONNULL = YES;
				CLANG_ANALYZER_NUMBER_OBJECT_CONVERSION = YES_AGGRESSIVE;
				CLANG_CXX_LANGUAGE_STANDARD = "gnu++14";
				CLANG_CXX_LIBRARY = "libc++";
				CLANG_ENABLE_MODULES = YES;
				CLANG_ENABLE_OBJC_ARC = YES;
				CLANG_ENABLE_OBJC_WEAK = YES;
				CLANG_WARN_BLOCK_CAPTURE_AUTORELEASING = YES;
				CLANG_WARN_BOOL_CONVERSION = YES;
				CLANG_WARN_COMMA = YES;
				CLANG_WARN_CONSTANT_CONVERSION = YES;
				CLANG_WARN_DEPRECATED_OBJC_IMPLEMENTATIONS = YES;
				CLANG_WARN_DIRECT_OBJC_ISA_USAGE = YES_ERROR;
				CLANG_WARN_DOCUMENTATION_COMMENTS = YES;
				CLANG_WARN_EMPTY_BODY = YES;
				CLANG_WARN_ENUM_CONVERSION = YES;
				CLANG_WARN_INFINITE_RECURSION = YES;
				CLANG_WARN_INT_CONVERSION = YES;
				CLANG_WARN_NON_LITERAL_NULL_CONVERSION = YES;
				CLANG_WARN_OBJC_IMPLICIT_RETAIN_SELF = YES;
				CLANG_WARN_OBJC_LITERAL_CONVERSION = YES;
				CLANG_WARN_OBJC_ROOT_CLASS = YES_ERROR;
				CLANG_WARN_QUOTED_INCLUDE_IN_FRAMEWORK_HEADER = YES;
				CLANG_WARN_RANGE_LOOP_ANALYSIS = YES;
				CLANG_WARN_STRICT_PROTOTYPES = YES;
				CLANG_WARN_SUSPICIOUS_MOVE = YES;
				CLANG_WARN_UNGUARDED_AVAILABILITY = YES_AGGRESSIVE;
				CLANG_WARN_UNREACHABLE_CODE = YES;
				CLANG_WARN__DUPLICATE_METHOD_MATCH = YES;
				COPY_PHASE_STRIP = NO;
				DEBUG_INFORMATION_FORMAT = "dwarf-with-dsym";
				ENABLE_NS_ASSERTIONS = NO;
				ENABLE_STRICT_OBJC_MSGSEND = YES;
				GCC_C_LANGUAGE_STANDARD = gnu11;
				GCC_NO_COMMON_BLOCKS = YES;
				GCC_WARN_64_TO_32_BIT_CONVERSION = YES;
				GCC_WARN_ABOUT_RETURN_TYPE = YES_ERROR;
				GCC_WARN_UNDECLARED_SELECTOR = YES;
				GCC_WARN_UNINITIALIZED_AUTOS = YES_AGGRESSIVE;
				GCC_WARN_UNUSED_FUNCTION = YES;
				GCC_WARN_UNUSED_VARIABLE = YES;
				IPHONEOS_DEPLOYMENT_TARGET = 14.4;
				MTL_ENABLE_DEBUG_INFO = NO;
				MTL_FAST_MATH = YES;
				SDKROOT = iphoneos;
				SWIFT_COMPILATION_MODE = wholemodule;
				SWIFT_OPTIMIZATION_LEVEL = "-O";
				VALIDATE_PRODUCT = YES;
			};
			name = Release;
		};
		CF38C79226773D790032F178 /* Debug */ = {
			isa = XCBuildConfiguration;
			buildSettings = {
				ASSETCATALOG_COMPILER_APPICON_NAME = AppIcon;
				ASSETCATALOG_COMPILER_GLOBAL_ACCENT_COLOR_NAME = AccentColor;
				CODE_SIGN_STYLE = Automatic;
				DEVELOPMENT_TEAM = 59U3Y8MDY6;
				INFOPLIST_FILE = EmojiReader/Info.plist;
				LD_RUNPATH_SEARCH_PATHS = (
					"$(inherited)",
					"@executable_path/Frameworks",
				);
				PRODUCT_BUNDLE_IDENTIFIER = QV.EmojiReader;
				PRODUCT_NAME = "$(TARGET_NAME)";
				SWIFT_VERSION = 5.0;
				TARGETED_DEVICE_FAMILY = "1,2";
			};
			name = Debug;
		};
		CF38C79326773D790032F178 /* Release */ = {
			isa = XCBuildConfiguration;
			buildSettings = {
				ASSETCATALOG_COMPILER_APPICON_NAME = AppIcon;
				ASSETCATALOG_COMPILER_GLOBAL_ACCENT_COLOR_NAME = AccentColor;
				CODE_SIGN_STYLE = Automatic;
				DEVELOPMENT_TEAM = 59U3Y8MDY6;
				INFOPLIST_FILE = EmojiReader/Info.plist;
				LD_RUNPATH_SEARCH_PATHS = (
					"$(inherited)",
					"@executable_path/Frameworks",
				);
				PRODUCT_BUNDLE_IDENTIFIER = QV.EmojiReader;
				PRODUCT_NAME = "$(TARGET_NAME)";
				SWIFT_VERSION = 5.0;
				TARGETED_DEVICE_FAMILY = "1,2";
			};
			name = Release;
		};
/* End XCBuildConfiguration section */

/* Begin XCConfigurationList section */
		CF38C77826773D760032F178 /* Build configuration list for PBXProject "EmojiReader" */ = {
			isa = XCConfigurationList;
			buildConfigurations = (
				CF38C78F26773D790032F178 /* Debug */,
				CF38C79026773D790032F178 /* Release */,
			);
			defaultConfigurationIsVisible = 0;
			defaultConfigurationName = Release;
		};
		CF38C79126773D790032F178 /* Build configuration list for PBXNativeTarget "EmojiReader" */ = {
			isa = XCConfigurationList;
			buildConfigurations = (
				CF38C79226773D790032F178 /* Debug */,
				CF38C79326773D790032F178 /* Release */,
			);
			defaultConfigurationIsVisible = 0;
			defaultConfigurationName = Release;
		};
/* End XCConfigurationList section */
	};
	rootObject = CF38C77526773D760032F178 /* Project object */;
}
